
Microsoft Visual Studio Solution File, Format Version 12.00
# Visual Studio 15
VisualStudioVersion = 15.0.28307.168
MinimumVisualStudioVersion = 10.0.40219.1
Project("{9A19103F-16F7-4668-BE54-9A1E7A4F7556}") = "EXAMSYSTEM.WEBUI", "EXAMSYSTEM.WEBUI\EXAMSYSTEM.WEBUI.csproj", "{2B09D407-38C4-4ACB-BBE9-12ED17486D54}"
EndProject
Project("{FAE04EC0-301F-11D3-BF4B-00C04F79EFBC}") = "EXAMSYSTEM.CORE", "EXAMSYSTEM.CORE\EXAMSYSTEM.CORE.csproj", "{36ED8B13-7C46-4C25-9470-730B7CC2D208}"
EndProject
Project("{FAE04EC0-301F-11D3-BF4B-00C04F79EFBC}") = "EXAMSYSTEM.INFRA", "EXAMSYSTEM.INFRA\EXAMSYSTEM.INFRA.csproj", "{26FD25D2-D16D-4B9D-A8DC-618692744A7A}"
EndProject
Project("{FAE04EC0-301F-11D3-BF4B-00C04F79EFBC}") = "EXAMSYSTEM.SERVICE", "EXAMSYSTEM.SERVICE\EXAMSYSTEM.SERVICE.csproj", "{E2CBAAED-408D-4E77-82F3-4AC92365F422}"
EndProject
Global
	GlobalSection(SolutionConfigurationPlatforms) = preSolution
		Debug|Any CPU = Debug|Any CPU
		Release|Any CPU = Release|Any CPU
	EndGlobalSection
	GlobalSection(ProjectConfigurationPlatforms) = postSolution
		{2B09D407-38C4-4ACB-BBE9-12ED17486D54}.Debug|Any CPU.ActiveCfg = Debug|Any CPU
		{2B09D407-38C4-4ACB-BBE9-12ED17486D54}.Debug|Any CPU.Build.0 = Debug|Any CPU
		{2B09D407-38C4-4ACB-BBE9-12ED17486D54}.Release|Any CPU.ActiveCfg = Release|Any CPU
		{2B09D407-38C4-4ACB-BBE9-12ED17486D54}.Release|Any CPU.Build.0 = Release|Any CPU
		{36ED8B13-7C46-4C25-9470-730B7CC2D208}.Debug|Any CPU.ActiveCfg = Debug|Any CPU
		{36ED8B13-7C46-4C25-9470-730B7CC2D208}.Debug|Any CPU.Build.0 = Debug|Any CPU
		{36ED8B13-7C46-4C25-9470-730B7CC2D208}.Release|Any CPU.ActiveCfg = Release|Any CPU
		{36ED8B13-7C46-4C25-9470-730B7CC2D208}.Release|Any CPU.Build.0 = Release|Any CPU
		{26FD25D2-D16D-4B9D-A8DC-618692744A7A}.Debug|Any CPU.ActiveCfg = Debug|Any CPU
		{26FD25D2-D16D-4B9D-A8DC-618692744A7A}.Debug|Any CPU.Build.0 = Debug|Any CPU
		{26FD25D2-D16D-4B9D-A8DC-618692744A7A}.Release|Any CPU.ActiveCfg = Release|Any CPU
		{26FD25D2-D16D-4B9D-A8DC-618692744A7A}.Release|Any CPU.Build.0 = Release|Any CPU
		{E2CBAAED-408D-4E77-82F3-4AC92365F422}.Debug|Any CPU.ActiveCfg = Debug|Any CPU
		{E2CBAAED-408D-4E77-82F3-4AC92365F422}.Debug|Any CPU.Build.0 = Debug|Any CPU
		{E2CBAAED-408D-4E77-82F3-4AC92365F422}.Release|Any CPU.ActiveCfg = Release|Any CPU
		{E2CBAAED-408D-4E77-82F3-4AC92365F422}.Release|Any CPU.Build.0 = Release|Any CPU
	EndGlobalSection
	GlobalSection(SolutionProperties) = preSolution
		HideSolutionNode = FALSE
	EndGlobalSection
	GlobalSection(ExtensibilityGlobals) = postSolution
		SolutionGuid = {C1BF3015-CB94-4C97-978A-CB2C60B13BF1}
	EndGlobalSection
EndGlobal
